// !$*UTF8*$!
{
	archiveVersion = 1;
	classes = {
	};
	objectVersion = 56;
	objects = {

/* Begin PBXBuildFile section */
		500A7C1D2EE2005900B3C86B /* TasksDataModel.xcdatamodeld in Sources */ = {isa = PBXBuildFile; fileRef = 500A7C1B2EE2005900B3C86B /* TasksDataModel.xcdatamodeld */; };
		500A7C1F2EE200CC00B3C86B /* TaskEntityExtension.swift in Sources */ = {isa = PBXBuildFile; fileRef = 500A7C1E2EE200CC00B3C86B /* TaskEntityExtension.swift */; };
		500A7C212EE2047000B3C86B /* MOC_Delete.swift in Sources */ = {isa = PBXBuildFile; fileRef = 500A7C202EE2047000B3C86B /* MOC_Delete.swift */; };
		500A7C232EE205B100B3C86B /* TasksContainer.swift in Sources */ = {isa = PBXBuildFile; fileRef = 500A7C222EE205B100B3C86B /* TasksContainer.swift */; };
		500A7C252EE2086900B3C86B /* MOC_UpdateWithSwipe.swift in Sources */ = {isa = PBXBuildFile; fileRef = 500A7C242EE2086900B3C86B /* MOC_UpdateWithSwipe.swift */; };
		500A7C272EE20B1400B3C86B /* MOC_UpdateTask.swift in Sources */ = {isa = PBXBuildFile; fileRef = 500A7C262EE20B1400B3C86B /* MOC_UpdateTask.swift */; };
		5039E45E2EDED309002E032A /* FetchRequest_GoingBeyond.swift in Sources */ = {isa = PBXBuildFile; fileRef = 5039E45D2EDED309002E032A /* FetchRequest_GoingBeyond.swift */; };
		5039E4602EDED58F002E032A /* FetchRequest_MOC_Count.swift in Sources */ = {isa = PBXBuildFile; fileRef = 5039E45F2EDED58F002E032A /* FetchRequest_MOC_Count.swift */; };
		5039E4622EDEFB45002E032A /*  FetchRequest_PredicateAndSort.swift in Sources */ = {isa = PBXBuildFile; fileRef = 5039E4612EDEFB45002E032A /*  FetchRequest_PredicateAndSort.swift */; };
		5039E4652EDF012B002E032A /* SFR_Intro.swift in Sources */ = {isa = PBXBuildFile; fileRef = 5039E4642EDF012B002E032A /* SFR_Intro.swift */; };
		503D8BA32EE6116400FB7A95 /* MOC_Insert.swift in Sources */ = {isa = PBXBuildFile; fileRef = 503D8BA22EE6116400FB7A95 /* MOC_Insert.swift */; };
		503F76402EE0B27A00E74974 /* SFR_UseExtendedProperties.swift in Sources */ = {isa = PBXBuildFile; fileRef = 503F763F2EE0B27A00E74974 /* SFR_UseExtendedProperties.swift */; };
		503F76422EE0B32D00E74974 /* SFR_ChangeSectionId.swift in Sources */ = {isa = PBXBuildFile; fileRef = 503F76412EE0B32D00E74974 /* SFR_ChangeSectionId.swift */; };
		503F76442EE0B4A500E74974 /* SFR_SectionId.swift in Sources */ = {isa = PBXBuildFile; fileRef = 503F76432EE0B4A500E74974 /* SFR_SectionId.swift */; };
		504072F22EDB7C30002AA9B9 /* FriendsDataModel.xcdatamodeld in Sources */ = {isa = PBXBuildFile; fileRef = 504072F02EDB7C30002AA9B9 /* FriendsDataModel.xcdatamodeld */; };
		504072F42EDB7CBA002AA9B9 /* FriendsContainer.swift in Sources */ = {isa = PBXBuildFile; fileRef = 504072F32EDB7CBA002AA9B9 /* FriendsContainer.swift */; };
		504072F62EDB7F2A002AA9B9 /* PreviewingData_Intro.swift in Sources */ = {isa = PBXBuildFile; fileRef = 504072F52EDB7F2A002AA9B9 /* PreviewingData_Intro.swift */; };
		504072FC2EDB8A23002AA9B9 /* BooksDataModel.xcdatamodeld in Sources */ = {isa = PBXBuildFile; fileRef = 504072FA2EDB8A23002AA9B9 /* BooksDataModel.xcdatamodeld */; };
		504072FE2EDB8AD6002AA9B9 /* BooksContainer.swift in Sources */ = {isa = PBXBuildFile; fileRef = 504072FD2EDB8AD6002AA9B9 /* BooksContainer.swift */; };
		504073002EDB8C78002AA9B9 /* DisplayData_Intro.swift in Sources */ = {isa = PBXBuildFile; fileRef = 504072FF2EDB8C78002AA9B9 /* DisplayData_Intro.swift */; };
		508A59352EDC23BF00C0D3C7 /* BookEntityExtension.swift in Sources */ = {isa = PBXBuildFile; fileRef = 508A59342EDC23BF00C0D3C7 /* BookEntityExtension.swift */; };
		508A59372EDC25B800C0D3C7 /* DisplayData_HandlingNils.swift in Sources */ = {isa = PBXBuildFile; fileRef = 508A59362EDC25B800C0D3C7 /* DisplayData_HandlingNils.swift */; };
		508A593B2EDC2F9C00C0D3C7 /* ParksDataModel.xcdatamodeld in Sources */ = {isa = PBXBuildFile; fileRef = 508A59392EDC2F9C00C0D3C7 /* ParksDataModel.xcdatamodeld */; };
		508A593D2EDC307200C0D3C7 /* ParkEntityExtension.swift in Sources */ = {isa = PBXBuildFile; fileRef = 508A593C2EDC307200C0D3C7 /* ParkEntityExtension.swift */; };
		508A593F2EDC317000C0D3C7 /* ParksContainer.swift in Sources */ = {isa = PBXBuildFile; fileRef = 508A593E2EDC317000C0D3C7 /* ParksContainer.swift */; };
		508A59412EDC325800C0D3C7 /* FetchRequest_RandomSorting.swift in Sources */ = {isa = PBXBuildFile; fileRef = 508A59402EDC325800C0D3C7 /* FetchRequest_RandomSorting.swift */; };
		508A59432EDC3EBA00C0D3C7 /* FetchRequest_SortingMultipleProperties.swift in Sources */ = {isa = PBXBuildFile; fileRef = 508A59422EDC3EBA00C0D3C7 /* FetchRequest_SortingMultipleProperties.swift */; };
		508A59452EDC3FA900C0D3C7 /* FetchRequest_SortDescending.swift in Sources */ = {isa = PBXBuildFile; fileRef = 508A59442EDC3FA900C0D3C7 /* FetchRequest_SortDescending.swift */; };
		508A59472EDC407200C0D3C7 /* FetchRequest_ToggleSorting.swift in Sources */ = {isa = PBXBuildFile; fileRef = 508A59462EDC407200C0D3C7 /* FetchRequest_ToggleSorting.swift */; };
		508A594B2EDC472B00C0D3C7 /* FetchRequest_Filtering.swift in Sources */ = {isa = PBXBuildFile; fileRef = 508A594A2EDC472B00C0D3C7 /* FetchRequest_Filtering.swift */; };
		508A594D2EDC4D6200C0D3C7 /* FetchRequest_MultipleFilters.swift in Sources */ = {isa = PBXBuildFile; fileRef = 508A594C2EDC4D6200C0D3C7 /* FetchRequest_MultipleFilters.swift */; };
		508A594F2EDC4E3E00C0D3C7 /* FetchRequest_ProgrammaticFilter.swift in Sources */ = {isa = PBXBuildFile; fileRef = 508A594E2EDC4E3E00C0D3C7 /* FetchRequest_ProgrammaticFilter.swift */; };
		508A59512EDC5E7800C0D3C7 /* FetchRequest_FilteringWithSearchable.swift in Sources */ = {isa = PBXBuildFile; fileRef = 508A59502EDC5E7800C0D3C7 /* FetchRequest_FilteringWithSearchable.swift */; };
		508A59532EDC792C00C0D3C7 /* FetchRequest_Animation.swift in Sources */ = {isa = PBXBuildFile; fileRef = 508A59522EDC792C00C0D3C7 /* FetchRequest_Animation.swift */; };
		508A59552EDC79DD00C0D3C7 /* FetchRequest_Animation_NonList.swift in Sources */ = {isa = PBXBuildFile; fileRef = 508A59542EDC79DD00C0D3C7 /* FetchRequest_Animation_NonList.swift */; };
		508A59572EDC7B0200C0D3C7 /* FetchRequest_Animation_Other.swift in Sources */ = {isa = PBXBuildFile; fileRef = 508A59562EDC7B0200C0D3C7 /* FetchRequest_Animation_Other.swift */; };
		508A59592EDC7BC200C0D3C7 /* FetchRequest_Animation_Other_2.swift in Sources */ = {isa = PBXBuildFile; fileRef = 508A59582EDC7BC200C0D3C7 /* FetchRequest_Animation_Other_2.swift */; };
		509D8C642ECBA59500EE3457 /* CoreDataDeepDiveApp.swift in Sources */ = {isa = PBXBuildFile; fileRef = 509D8C632ECBA59500EE3457 /* CoreDataDeepDiveApp.swift */; };
		509D8C662ECBA59500EE3457 /* ContentView.swift in Sources */ = {isa = PBXBuildFile; fileRef = 509D8C652ECBA59500EE3457 /* ContentView.swift */; };
		509D8C682ECBA59600EE3457 /* Assets.xcassets in Resources */ = {isa = PBXBuildFile; fileRef = 509D8C672ECBA59600EE3457 /* Assets.xcassets */; };
		509D8C6B2ECBA59600EE3457 /* Preview Assets.xcassets in Resources */ = {isa = PBXBuildFile; fileRef = 509D8C6A2ECBA59600EE3457 /* Preview Assets.xcassets */; };
		50A97D992EFBC6DE006F37EB /* CountriesDataModel.xcdatamodeld in Sources */ = {isa = PBXBuildFile; fileRef = 50A97D972EFBC6DE006F37EB /* CountriesDataModel.xcdatamodeld */; };
		50A97D9B2EFBC7F6006F37EB /* CountryEntityExtension.swift in Sources */ = {isa = PBXBuildFile; fileRef = 50A97D9A2EFBC7F6006F37EB /* CountryEntityExtension.swift */; };
		50A97D9D2EFBC862006F37EB /* MOC_UpdateHasChanges.swift in Sources */ = {isa = PBXBuildFile; fileRef = 50A97D9C2EFBC862006F37EB /* MOC_UpdateHasChanges.swift */; };
		50A97D9F2EFBCEC3006F37EB /* CountryContainer.swift in Sources */ = {isa = PBXBuildFile; fileRef = 50A97D9E2EFBCEC3006F37EB /* CountryContainer.swift */; };
		50A97DA12EFBD65F006F37EB /* DataModels_Constraints.swift in Sources */ = {isa = PBXBuildFile; fileRef = 50A97DA02EFBD65F006F37EB /* DataModels_Constraints.swift */; };
		50A97DA32EFBD82D006F37EB /* DataModels_GetConstraintError.swift in Sources */ = {isa = PBXBuildFile; fileRef = 50A97DA22EFBD82D006F37EB /* DataModels_GetConstraintError.swift */; };
		50A97DA52EFBEC51006F37EB /* DataModels_OverwriteConstraintViolations.swift in Sources */ = {isa = PBXBuildFile; fileRef = 50A97DA42EFBEC51006F37EB /* DataModels_OverwriteConstraintViolations.swift */; };
		50A97DA72EFBED92006F37EB /* DataModels_KeepDuringConstraintViolations.swift in Sources */ = {isa = PBXBuildFile; fileRef = 50A97DA62EFBED92006F37EB /* DataModels_KeepDuringConstraintViolations.swift */; };
		50A97DB02EFBEF4E006F37EB /* AnimalsDataModel.xcdatamodeld in Sources */ = {isa = PBXBuildFile; fileRef = 50A97DAE2EFBEF4E006F37EB /* AnimalsDataModel.xcdatamodeld */; };
		50A97DB22EFBEF6F006F37EB /* AnimalEntityExtension.swift in Sources */ = {isa = PBXBuildFile; fileRef = 50A97DB12EFBEF6F006F37EB /* AnimalEntityExtension.swift */; };
		50A97DB42EFBEFB6006F37EB /* AnimalsContainer.swift in Sources */ = {isa = PBXBuildFile; fileRef = 50A97DB32EFBEFB6006F37EB /* AnimalsContainer.swift */; };
		50A97DB62EFBF0D2006F37EB /* DataModels_Optional.swift in Sources */ = {isa = PBXBuildFile; fileRef = 50A97DB52EFBF0D2006F37EB /* DataModels_Optional.swift */; };
		50E3BB082ED77477007A6952 /* FirstExampleContainer.swift in Sources */ = {isa = PBXBuildFile; fileRef = 50E3BB072ED77477007A6952 /* FirstExampleContainer.swift */; };
		50E3BB0C2ED774E9007A6952 /* FirstExampleDataModel.xcdatamodeld in Sources */ = {isa = PBXBuildFile; fileRef = 50E3BB0A2ED774E9007A6952 /* FirstExampleDataModel.xcdatamodeld */; };
		50E3BB0F2ED775B8007A6952 /* FirstExampleView.swift in Sources */ = {isa = PBXBuildFile; fileRef = 50E3BB0E2ED775B8007A6952 /* FirstExampleView.swift */; };
/* End PBXBuildFile section */

/* Begin PBXFileReference section */
		500A7C1C2EE2005900B3C86B /* TasksDataModel.xcdatamodel */ = {isa = PBXFileReference; lastKnownFileType = wrapper.xcdatamodel; path = TasksDataModel.xcdatamodel; sourceTree = "<group>"; };
		500A7C1E2EE200CC00B3C86B /* TaskEntityExtension.swift */ = {isa = PBXFileReference; lastKnownFileType = sourcecode.swift; path = TaskEntityExtension.swift; sourceTree = "<group>"; };
		500A7C202EE2047000B3C86B /* MOC_Delete.swift */ = {isa = PBXFileReference; lastKnownFileType = sourcecode.swift; path = MOC_Delete.swift; sourceTree = "<group>"; };
		500A7C222EE205B100B3C86B /* TasksContainer.swift */ = {isa = PBXFileReference; lastKnownFileType = sourcecode.swift; path = TasksContainer.swift; sourceTree = "<group>"; };
		500A7C242EE2086900B3C86B /* MOC_UpdateWithSwipe.swift */ = {isa = PBXFileReference; lastKnownFileType = sourcecode.swift; path = MOC_UpdateWithSwipe.swift; sourceTree = "<group>"; };
		500A7C262EE20B1400B3C86B /* MOC_UpdateTask.swift */ = {isa = PBXFileReference; lastKnownFileType = sourcecode.swift; path = MOC_UpdateTask.swift; sourceTree = "<group>"; };
		5039E45D2EDED309002E032A /* FetchRequest_GoingBeyond.swift */ = {isa = PBXFileReference; lastKnownFileType = sourcecode.swift; path = FetchRequest_GoingBeyond.swift; sourceTree = "<group>"; };
		5039E45F2EDED58F002E032A /* FetchRequest_MOC_Count.swift */ = {isa = PBXFileReference; lastKnownFileType = sourcecode.swift; path = FetchRequest_MOC_Count.swift; sourceTree = "<group>"; };
		5039E4612EDEFB45002E032A /*  FetchRequest_PredicateAndSort.swift */ = {isa = PBXFileReference; lastKnownFileType = sourcecode.swift; path = " FetchRequest_PredicateAndSort.swift"; sourceTree = "<group>"; };
		5039E4642EDF012B002E032A /* SFR_Intro.swift */ = {isa = PBXFileReference; lastKnownFileType = sourcecode.swift; path = SFR_Intro.swift; sourceTree = "<group>"; };
		503D8BA22EE6116400FB7A95 /* MOC_Insert.swift */ = {isa = PBXFileReference; lastKnownFileType = sourcecode.swift; path = MOC_Insert.swift; sourceTree = "<group>"; };
		503F763F2EE0B27A00E74974 /* SFR_UseExtendedProperties.swift */ = {isa = PBXFileReference; lastKnownFileType = sourcecode.swift; path = SFR_UseExtendedProperties.swift; sourceTree = "<group>"; };
		503F76412EE0B32D00E74974 /* SFR_ChangeSectionId.swift */ = {isa = PBXFileReference; lastKnownFileType = sourcecode.swift; path = SFR_ChangeSectionId.swift; sourceTree = "<group>"; };
		503F76432EE0B4A500E74974 /* SFR_SectionId.swift */ = {isa = PBXFileReference; lastKnownFileType = sourcecode.swift; path = SFR_SectionId.swift; sourceTree = "<group>"; };
		504072F12EDB7C30002AA9B9 /* FriendsDataModel.xcdatamodel */ = {isa = PBXFileReference; lastKnownFileType = wrapper.xcdatamodel; path = FriendsDataModel.xcdatamodel; sourceTree = "<group>"; };
		504072F32EDB7CBA002AA9B9 /* FriendsContainer.swift */ = {isa = PBXFileReference; lastKnownFileType = sourcecode.swift; path = FriendsContainer.swift; sourceTree = "<group>"; };
		504072F52EDB7F2A002AA9B9 /* PreviewingData_Intro.swift */ = {isa = PBXFileReference; lastKnownFileType = sourcecode.swift; path = PreviewingData_Intro.swift; sourceTree = "<group>"; };
		504072FB2EDB8A23002AA9B9 /* BooksDataModel.xcdatamodel */ = {isa = PBXFileReference; lastKnownFileType = wrapper.xcdatamodel; path = BooksDataModel.xcdatamodel; sourceTree = "<group>"; };
		504072FD2EDB8AD6002AA9B9 /* BooksContainer.swift */ = {isa = PBXFileReference; lastKnownFileType = sourcecode.swift; path = BooksContainer.swift; sourceTree = "<group>"; };
		504072FF2EDB8C78002AA9B9 /* DisplayData_Intro.swift */ = {isa = PBXFileReference; lastKnownFileType = sourcecode.swift; path = DisplayData_Intro.swift; sourceTree = "<group>"; };
		508A59342EDC23BF00C0D3C7 /* BookEntityExtension.swift */ = {isa = PBXFileReference; lastKnownFileType = sourcecode.swift; path = BookEntityExtension.swift; sourceTree = "<group>"; };
		508A59362EDC25B800C0D3C7 /* DisplayData_HandlingNils.swift */ = {isa = PBXFileReference; lastKnownFileType = sourcecode.swift; path = DisplayData_HandlingNils.swift; sourceTree = "<group>"; };
		508A593A2EDC2F9C00C0D3C7 /* ParksDataModel.xcdatamodel */ = {isa = PBXFileReference; lastKnownFileType = wrapper.xcdatamodel; path = ParksDataModel.xcdatamodel; sourceTree = "<group>"; };
		508A593C2EDC307200C0D3C7 /* ParkEntityExtension.swift */ = {isa = PBXFileReference; lastKnownFileType = sourcecode.swift; path = ParkEntityExtension.swift; sourceTree = "<group>"; };
		508A593E2EDC317000C0D3C7 /* ParksContainer.swift */ = {isa = PBXFileReference; lastKnownFileType = sourcecode.swift; path = ParksContainer.swift; sourceTree = "<group>"; };
		508A59402EDC325800C0D3C7 /* FetchRequest_RandomSorting.swift */ = {isa = PBXFileReference; lastKnownFileType = sourcecode.swift; path = FetchRequest_RandomSorting.swift; sourceTree = "<group>"; };
		508A59422EDC3EBA00C0D3C7 /* FetchRequest_SortingMultipleProperties.swift */ = {isa = PBXFileReference; lastKnownFileType = sourcecode.swift; path = FetchRequest_SortingMultipleProperties.swift; sourceTree = "<group>"; };
		508A59442EDC3FA900C0D3C7 /* FetchRequest_SortDescending.swift */ = {isa = PBXFileReference; lastKnownFileType = sourcecode.swift; path = FetchRequest_SortDescending.swift; sourceTree = "<group>"; };
		508A59462EDC407200C0D3C7 /* FetchRequest_ToggleSorting.swift */ = {isa = PBXFileReference; lastKnownFileType = sourcecode.swift; path = FetchRequest_ToggleSorting.swift; sourceTree = "<group>"; };
		508A594A2EDC472B00C0D3C7 /* FetchRequest_Filtering.swift */ = {isa = PBXFileReference; lastKnownFileType = sourcecode.swift; path = FetchRequest_Filtering.swift; sourceTree = "<group>"; };
		508A594C2EDC4D6200C0D3C7 /* FetchRequest_MultipleFilters.swift */ = {isa = PBXFileReference; lastKnownFileType = sourcecode.swift; path = FetchRequest_MultipleFilters.swift; sourceTree = "<group>"; };
		508A594E2EDC4E3E00C0D3C7 /* FetchRequest_ProgrammaticFilter.swift */ = {isa = PBXFileReference; lastKnownFileType = sourcecode.swift; path = FetchRequest_ProgrammaticFilter.swift; sourceTree = "<group>"; };
		508A59502EDC5E7800C0D3C7 /* FetchRequest_FilteringWithSearchable.swift */ = {isa = PBXFileReference; lastKnownFileType = sourcecode.swift; path = FetchRequest_FilteringWithSearchable.swift; sourceTree = "<group>"; };
		508A59522EDC792C00C0D3C7 /* FetchRequest_Animation.swift */ = {isa = PBXFileReference; lastKnownFileType = sourcecode.swift; path = FetchRequest_Animation.swift; sourceTree = "<group>"; };
		508A59542EDC79DD00C0D3C7 /* FetchRequest_Animation_NonList.swift */ = {isa = PBXFileReference; lastKnownFileType = sourcecode.swift; path = FetchRequest_Animation_NonList.swift; sourceTree = "<group>"; };
		508A59562EDC7B0200C0D3C7 /* FetchRequest_Animation_Other.swift */ = {isa = PBXFileReference; lastKnownFileType = sourcecode.swift; path = FetchRequest_Animation_Other.swift; sourceTree = "<group>"; };
		508A59582EDC7BC200C0D3C7 /* FetchRequest_Animation_Other_2.swift */ = {isa = PBXFileReference; lastKnownFileType = sourcecode.swift; path = FetchRequest_Animation_Other_2.swift; sourceTree = "<group>"; };
		509D8C602ECBA59500EE3457 /* CoreDataDeepDive.app */ = {isa = PBXFileReference; explicitFileType = wrapper.application; includeInIndex = 0; path = CoreDataDeepDive.app; sourceTree = BUILT_PRODUCTS_DIR; };
		509D8C632ECBA59500EE3457 /* CoreDataDeepDiveApp.swift */ = {isa = PBXFileReference; lastKnownFileType = sourcecode.swift; path = CoreDataDeepDiveApp.swift; sourceTree = "<group>"; };
		509D8C652ECBA59500EE3457 /* ContentView.swift */ = {isa = PBXFileReference; lastKnownFileType = sourcecode.swift; path = ContentView.swift; sourceTree = "<group>"; };
		509D8C672ECBA59600EE3457 /* Assets.xcassets */ = {isa = PBXFileReference; lastKnownFileType = folder.assetcatalog; path = Assets.xcassets; sourceTree = "<group>"; };
		509D8C6A2ECBA59600EE3457 /* Preview Assets.xcassets */ = {isa = PBXFileReference; lastKnownFileType = folder.assetcatalog; path = "Preview Assets.xcassets"; sourceTree = "<group>"; };
		50A97D982EFBC6DE006F37EB /* CountriesDataModel.xcdatamodel */ = {isa = PBXFileReference; lastKnownFileType = wrapper.xcdatamodel; path = CountriesDataModel.xcdatamodel; sourceTree = "<group>"; };
		50A97D9A2EFBC7F6006F37EB /* CountryEntityExtension.swift */ = {isa = PBXFileReference; lastKnownFileType = sourcecode.swift; path = CountryEntityExtension.swift; sourceTree = "<group>"; };
		50A97D9C2EFBC862006F37EB /* MOC_UpdateHasChanges.swift */ = {isa = PBXFileReference; lastKnownFileType = sourcecode.swift; path = MOC_UpdateHasChanges.swift; sourceTree = "<group>"; };
		50A97D9E2EFBCEC3006F37EB /* CountryContainer.swift */ = {isa = PBXFileReference; lastKnownFileType = sourcecode.swift; path = CountryContainer.swift; sourceTree = "<group>"; };
		50A97DA02EFBD65F006F37EB /* DataModels_Constraints.swift */ = {isa = PBXFileReference; lastKnownFileType = sourcecode.swift; path = DataModels_Constraints.swift; sourceTree = "<group>"; };
		50A97DA22EFBD82D006F37EB /* DataModels_GetConstraintError.swift */ = {isa = PBXFileReference; lastKnownFileType = sourcecode.swift; path = DataModels_GetConstraintError.swift; sourceTree = "<group>"; };
		50A97DA42EFBEC51006F37EB /* DataModels_OverwriteConstraintViolations.swift */ = {isa = PBXFileReference; lastKnownFileType = sourcecode.swift; path = DataModels_OverwriteConstraintViolations.swift; sourceTree = "<group>"; };
		50A97DA62EFBED92006F37EB /* DataModels_KeepDuringConstraintViolations.swift */ = {isa = PBXFileReference; lastKnownFileType = sourcecode.swift; path = DataModels_KeepDuringConstraintViolations.swift; sourceTree = "<group>"; };
		50A97DAF2EFBEF4E006F37EB /* AnimalsDataModel.xcdatamodel */ = {isa = PBXFileReference; lastKnownFileType = wrapper.xcdatamodel; path = AnimalsDataModel.xcdatamodel; sourceTree = "<group>"; };
		50A97DB12EFBEF6F006F37EB /* AnimalEntityExtension.swift */ = {isa = PBXFileReference; lastKnownFileType = sourcecode.swift; path = AnimalEntityExtension.swift; sourceTree = "<group>"; };
		50A97DB32EFBEFB6006F37EB /* AnimalsContainer.swift */ = {isa = PBXFileReference; lastKnownFileType = sourcecode.swift; path = AnimalsContainer.swift; sourceTree = "<group>"; };
		50A97DB52EFBF0D2006F37EB /* DataModels_Optional.swift */ = {isa = PBXFileReference; lastKnownFileType = sourcecode.swift; path = DataModels_Optional.swift; sourceTree = "<group>"; };
		50E3BB072ED77477007A6952 /* FirstExampleContainer.swift */ = {isa = PBXFileReference; lastKnownFileType = sourcecode.swift; path = FirstExampleContainer.swift; sourceTree = "<group>"; };
		50E3BB0B2ED774E9007A6952 /* FirstExampleContainer.xcdatamodel */ = {isa = PBXFileReference; lastKnownFileType = wrapper.xcdatamodel; path = FirstExampleContainer.xcdatamodel; sourceTree = "<group>"; };
		50E3BB0E2ED775B8007A6952 /* FirstExampleView.swift */ = {isa = PBXFileReference; lastKnownFileType = sourcecode.swift; path = FirstExampleView.swift; sourceTree = "<group>"; };
/* End PBXFileReference section */

/* Begin PBXFrameworksBuildPhase section */
		509D8C5D2ECBA59500EE3457 /* Frameworks */ = {
			isa = PBXFrameworksBuildPhase;
			buildActionMask = 2147483647;
			files = (
			);
			runOnlyForDeploymentPostprocessing = 0;
		};
/* End PBXFrameworksBuildPhase section */

/* Begin PBXGroup section */
		500A7C1A2EE2003800B3C86B /* Tasks */ = {
			isa = PBXGroup;
			children = (
				500A7C1B2EE2005900B3C86B /* TasksDataModel.xcdatamodeld */,
				500A7C1E2EE200CC00B3C86B /* TaskEntityExtension.swift */,
				500A7C202EE2047000B3C86B /* MOC_Delete.swift */,
				500A7C222EE205B100B3C86B /* TasksContainer.swift */,
				500A7C242EE2086900B3C86B /* MOC_UpdateWithSwipe.swift */,
				500A7C262EE20B1400B3C86B /* MOC_UpdateTask.swift */,
				503D8BA22EE6116400FB7A95 /* MOC_Insert.swift */,
			);
			path = Tasks;
			sourceTree = "<group>";
		};
		5039E4632EDF0102002E032A /* SectionedFetchRequest */ = {
			isa = PBXGroup;
			children = (
				5039E4642EDF012B002E032A /* SFR_Intro.swift */,
				503F763F2EE0B27A00E74974 /* SFR_UseExtendedProperties.swift */,
				503F76412EE0B32D00E74974 /* SFR_ChangeSectionId.swift */,
				503F76432EE0B4A500E74974 /* SFR_SectionId.swift */,
			);
			path = SectionedFetchRequest;
			sourceTree = "<group>";
		};
		504072F72EDB888E002AA9B9 /* FirstExample */ = {
			isa = PBXGroup;
			children = (
				50E3BB0E2ED775B8007A6952 /* FirstExampleView.swift */,
				50E3BB072ED77477007A6952 /* FirstExampleContainer.swift */,
				50E3BB0A2ED774E9007A6952 /* FirstExampleDataModel.xcdatamodeld */,
			);
			path = FirstExample;
			sourceTree = "<group>";
		};
		504072F82EDB88C4002AA9B9 /* Friends */ = {
			isa = PBXGroup;
			children = (
				504072F52EDB7F2A002AA9B9 /* PreviewingData_Intro.swift */,
				504072F32EDB7CBA002AA9B9 /* FriendsContainer.swift */,
				504072F02EDB7C30002AA9B9 /* FriendsDataModel.xcdatamodeld */,
			);
			path = Friends;
			sourceTree = "<group>";
		};
		504072F92EDB89EB002AA9B9 /* DisplayingData */ = {
			isa = PBXGroup;
			children = (
				504072FA2EDB8A23002AA9B9 /* BooksDataModel.xcdatamodeld */,
				504072FD2EDB8AD6002AA9B9 /* BooksContainer.swift */,
				504072FF2EDB8C78002AA9B9 /* DisplayData_Intro.swift */,
				508A59342EDC23BF00C0D3C7 /* BookEntityExtension.swift */,
				508A59362EDC25B800C0D3C7 /* DisplayData_HandlingNils.swift */,
			);
			path = DisplayingData;
			sourceTree = "<group>";
		};
		508A59382EDC2F7300C0D3C7 /* Parks */ = {
			isa = PBXGroup;
			children = (
				5039E4632EDF0102002E032A /* SectionedFetchRequest */,
				508A595B2EDC91DD00C0D3C7 /* NSFetchRequest */,
				508A595A2EDC91AD00C0D3C7 /* Animation */,
				508A59492EDC472200C0D3C7 /* Filter */,
				508A59482EDC46F300C0D3C7 /* Sorting */,
				508A59392EDC2F9C00C0D3C7 /* ParksDataModel.xcdatamodeld */,
				508A593C2EDC307200C0D3C7 /* ParkEntityExtension.swift */,
				508A593E2EDC317000C0D3C7 /* ParksContainer.swift */,
			);
			path = Parks;
			sourceTree = "<group>";
		};
		508A59482EDC46F300C0D3C7 /* Sorting */ = {
			isa = PBXGroup;
			children = (
				508A59402EDC325800C0D3C7 /* FetchRequest_RandomSorting.swift */,
				508A59442EDC3FA900C0D3C7 /* FetchRequest_SortDescending.swift */,
				508A59422EDC3EBA00C0D3C7 /* FetchRequest_SortingMultipleProperties.swift */,
				508A59462EDC407200C0D3C7 /* FetchRequest_ToggleSorting.swift */,
			);
			path = Sorting;
			sourceTree = "<group>";
		};
		508A59492EDC472200C0D3C7 /* Filter */ = {
			isa = PBXGroup;
			children = (
				508A594A2EDC472B00C0D3C7 /* FetchRequest_Filtering.swift */,
				508A594C2EDC4D6200C0D3C7 /* FetchRequest_MultipleFilters.swift */,
				508A594E2EDC4E3E00C0D3C7 /* FetchRequest_ProgrammaticFilter.swift */,
				508A59502EDC5E7800C0D3C7 /* FetchRequest_FilteringWithSearchable.swift */,
			);
			path = Filter;
			sourceTree = "<group>";
		};
		508A595A2EDC91AD00C0D3C7 /* Animation */ = {
			isa = PBXGroup;
			children = (
				508A59522EDC792C00C0D3C7 /* FetchRequest_Animation.swift */,
				508A59542EDC79DD00C0D3C7 /* FetchRequest_Animation_NonList.swift */,
				508A59562EDC7B0200C0D3C7 /* FetchRequest_Animation_Other.swift */,
				508A59582EDC7BC200C0D3C7 /* FetchRequest_Animation_Other_2.swift */,
			);
			path = Animation;
			sourceTree = "<group>";
		};
		508A595B2EDC91DD00C0D3C7 /* NSFetchRequest */ = {
			isa = PBXGroup;
			children = (
				5039E45D2EDED309002E032A /* FetchRequest_GoingBeyond.swift */,
				5039E45F2EDED58F002E032A /* FetchRequest_MOC_Count.swift */,
				5039E4612EDEFB45002E032A /*  FetchRequest_PredicateAndSort.swift */,
			);
			path = NSFetchRequest;
			sourceTree = "<group>";
		};
		509D8C572ECBA59500EE3457 = {
			isa = PBXGroup;
			children = (
				509D8C622ECBA59500EE3457 /* CoreDataDeepDive */,
				509D8C612ECBA59500EE3457 /* Products */,
			);
			sourceTree = "<group>";
		};
		509D8C612ECBA59500EE3457 /* Products */ = {
			isa = PBXGroup;
			children = (
				509D8C602ECBA59500EE3457 /* CoreDataDeepDive.app */,
			);
			name = Products;
			sourceTree = "<group>";
		};
		509D8C622ECBA59500EE3457 /* CoreDataDeepDive */ = {
			isa = PBXGroup;
			children = (
				50A97DA82EFBEE3A006F37EB /* Animals */,
				50A97D962EFBC6BC006F37EB /* Countries */,
				500A7C1A2EE2003800B3C86B /* Tasks */,
				508A59382EDC2F7300C0D3C7 /* Parks */,
				504072F92EDB89EB002AA9B9 /* DisplayingData */,
				504072F72EDB888E002AA9B9 /* FirstExample */,
				504072F82EDB88C4002AA9B9 /* Friends */,
				509D8C632ECBA59500EE3457 /* CoreDataDeepDiveApp.swift */,
				509D8C652ECBA59500EE3457 /* ContentView.swift */,
				509D8C672ECBA59600EE3457 /* Assets.xcassets */,
				509D8C692ECBA59600EE3457 /* Preview Content */,
			);
			path = CoreDataDeepDive;
			sourceTree = "<group>";
		};
		509D8C692ECBA59600EE3457 /* Preview Content */ = {
			isa = PBXGroup;
			children = (
				509D8C6A2ECBA59600EE3457 /* Preview Assets.xcassets */,
			);
			path = "Preview Content";
			sourceTree = "<group>";
		};
		50A97D962EFBC6BC006F37EB /* Countries */ = {
			isa = PBXGroup;
			children = (
				50A97D972EFBC6DE006F37EB /* CountriesDataModel.xcdatamodeld */,
				50A97D9A2EFBC7F6006F37EB /* CountryEntityExtension.swift */,
				50A97D9C2EFBC862006F37EB /* MOC_UpdateHasChanges.swift */,
				50A97D9E2EFBCEC3006F37EB /* CountryContainer.swift */,
				50A97DA02EFBD65F006F37EB /* DataModels_Constraints.swift */,
				50A97DA22EFBD82D006F37EB /* DataModels_GetConstraintError.swift */,
				50A97DA42EFBEC51006F37EB /* DataModels_OverwriteConstraintViolations.swift */,
				50A97DA62EFBED92006F37EB /* DataModels_KeepDuringConstraintViolations.swift */,
			);
			path = Countries;
			sourceTree = "<group>";
		};
		50A97DA82EFBEE3A006F37EB /* Animals */ = {
			isa = PBXGroup;
			children = (
				50A97DAE2EFBEF4E006F37EB /* AnimalsDataModel.xcdatamodeld */,
				50A97DB12EFBEF6F006F37EB /* AnimalEntityExtension.swift */,
				50A97DB32EFBEFB6006F37EB /* AnimalsContainer.swift */,
				50A97DB52EFBF0D2006F37EB /* DataModels_Optional.swift */,
			);
			path = Animals;
			sourceTree = "<group>";
		};
/* End PBXGroup section */

/* Begin PBXNativeTarget section */
		509D8C5F2ECBA59500EE3457 /* CoreDataDeepDive */ = {
			isa = PBXNativeTarget;
			buildConfigurationList = 509D8C6E2ECBA59600EE3457 /* Build configuration list for PBXNativeTarget "CoreDataDeepDive" */;
			buildPhases = (
				509D8C5C2ECBA59500EE3457 /* Sources */,
				509D8C5D2ECBA59500EE3457 /* Frameworks */,
				509D8C5E2ECBA59500EE3457 /* Resources */,
			);
			buildRules = (
			);
			dependencies = (
			);
			name = CoreDataDeepDive;
			productName = CoreDataDeepDive;
			productReference = 509D8C602ECBA59500EE3457 /* CoreDataDeepDive.app */;
			productType = "com.apple.product-type.application";
		};
/* End PBXNativeTarget section */

/* Begin PBXProject section */
		509D8C582ECBA59500EE3457 /* Project object */ = {
			isa = PBXProject;
			attributes = {
				BuildIndependentTargetsInParallel = 1;
				LastSwiftUpdateCheck = 1540;
				LastUpgradeCheck = 1540;
				TargetAttributes = {
					509D8C5F2ECBA59500EE3457 = {
						CreatedOnToolsVersion = 15.4;
					};
				};
			};
			buildConfigurationList = 509D8C5B2ECBA59500EE3457 /* Build configuration list for PBXProject "CoreDataDeepDive" */;
			compatibilityVersion = "Xcode 14.0";
			developmentRegion = en;
			hasScannedForEncodings = 0;
			knownRegions = (
				en,
				Base,
			);
			mainGroup = 509D8C572ECBA59500EE3457;
			productRefGroup = 509D8C612ECBA59500EE3457 /* Products */;
			projectDirPath = "";
			projectRoot = "";
			targets = (
				509D8C5F2ECBA59500EE3457 /* CoreDataDeepDive */,
			);
		};
/* End PBXProject section */

/* Begin PBXResourcesBuildPhase section */
		509D8C5E2ECBA59500EE3457 /* Resources */ = {
			isa = PBXResourcesBuildPhase;
			buildActionMask = 2147483647;
			files = (
				509D8C6B2ECBA59600EE3457 /* Preview Assets.xcassets in Resources */,
				509D8C682ECBA59600EE3457 /* Assets.xcassets in Resources */,
			);
			runOnlyForDeploymentPostprocessing = 0;
		};
/* End PBXResourcesBuildPhase section */

/* Begin PBXSourcesBuildPhase section */
		509D8C5C2ECBA59500EE3457 /* Sources */ = {
			isa = PBXSourcesBuildPhase;
			buildActionMask = 2147483647;
			files = (
				5039E4652EDF012B002E032A /* SFR_Intro.swift in Sources */,
				500A7C252EE2086900B3C86B /* MOC_UpdateWithSwipe.swift in Sources */,
				50A97DA12EFBD65F006F37EB /* DataModels_Constraints.swift in Sources */,
				509D8C662ECBA59500EE3457 /* ContentView.swift in Sources */,
				508A59552EDC79DD00C0D3C7 /* FetchRequest_Animation_NonList.swift in Sources */,
				50A97DB42EFBEFB6006F37EB /* AnimalsContainer.swift in Sources */,
				508A59532EDC792C00C0D3C7 /* FetchRequest_Animation.swift in Sources */,
				503F76402EE0B27A00E74974 /* SFR_UseExtendedProperties.swift in Sources */,
				508A59512EDC5E7800C0D3C7 /* FetchRequest_FilteringWithSearchable.swift in Sources */,
				50A97DA52EFBEC51006F37EB /* DataModels_OverwriteConstraintViolations.swift in Sources */,
				503F76442EE0B4A500E74974 /* SFR_SectionId.swift in Sources */,
				508A593B2EDC2F9C00C0D3C7 /* ParksDataModel.xcdatamodeld in Sources */,
				50A97D9B2EFBC7F6006F37EB /* CountryEntityExtension.swift in Sources */,
				50A97D9F2EFBCEC3006F37EB /* CountryContainer.swift in Sources */,
				508A59372EDC25B800C0D3C7 /* DisplayData_HandlingNils.swift in Sources */,
				508A593F2EDC317000C0D3C7 /* ParksContainer.swift in Sources */,
				50A97D992EFBC6DE006F37EB /* CountriesDataModel.xcdatamodeld in Sources */,
				508A59592EDC7BC200C0D3C7 /* FetchRequest_Animation_Other_2.swift in Sources */,
				500A7C1F2EE200CC00B3C86B /* TaskEntityExtension.swift in Sources */,
				508A59352EDC23BF00C0D3C7 /* BookEntityExtension.swift in Sources */,
				508A59452EDC3FA900C0D3C7 /* FetchRequest_SortDescending.swift in Sources */,
				508A59472EDC407200C0D3C7 /* FetchRequest_ToggleSorting.swift in Sources */,
				503D8BA32EE6116400FB7A95 /* MOC_Insert.swift in Sources */,
				504072F22EDB7C30002AA9B9 /* FriendsDataModel.xcdatamodeld in Sources */,
				504072F62EDB7F2A002AA9B9 /* PreviewingData_Intro.swift in Sources */,
				504073002EDB8C78002AA9B9 /* DisplayData_Intro.swift in Sources */,
				500A7C272EE20B1400B3C86B /* MOC_UpdateTask.swift in Sources */,
				50A97DB22EFBEF6F006F37EB /* AnimalEntityExtension.swift in Sources */,
				50A97DA72EFBED92006F37EB /* DataModels_KeepDuringConstraintViolations.swift in Sources */,
				503F76422EE0B32D00E74974 /* SFR_ChangeSectionId.swift in Sources */,
				50A97DA32EFBD82D006F37EB /* DataModels_GetConstraintError.swift in Sources */,
				508A59572EDC7B0200C0D3C7 /* FetchRequest_Animation_Other.swift in Sources */,
				508A594F2EDC4E3E00C0D3C7 /* FetchRequest_ProgrammaticFilter.swift in Sources */,
				508A593D2EDC307200C0D3C7 /* ParkEntityExtension.swift in Sources */,
				504072FC2EDB8A23002AA9B9 /* BooksDataModel.xcdatamodeld in Sources */,
				508A594D2EDC4D6200C0D3C7 /* FetchRequest_MultipleFilters.swift in Sources */,
				504072FE2EDB8AD6002AA9B9 /* BooksContainer.swift in Sources */,
				500A7C232EE205B100B3C86B /* TasksContainer.swift in Sources */,
				508A594B2EDC472B00C0D3C7 /* FetchRequest_Filtering.swift in Sources */,
				504072F42EDB7CBA002AA9B9 /* FriendsContainer.swift in Sources */,
				50A97D9D2EFBC862006F37EB /* MOC_UpdateHasChanges.swift in Sources */,
				50A97DB02EFBEF4E006F37EB /* AnimalsDataModel.xcdatamodeld in Sources */,
				5039E4622EDEFB45002E032A /*  FetchRequest_PredicateAndSort.swift in Sources */,
				508A59432EDC3EBA00C0D3C7 /* FetchRequest_SortingMultipleProperties.swift in Sources */,
				500A7C1D2EE2005900B3C86B /* TasksDataModel.xcdatamodeld in Sources */,
				500A7C212EE2047000B3C86B /* MOC_Delete.swift in Sources */,
				50E3BB0C2ED774E9007A6952 /* FirstExampleDataModel.xcdatamodeld in Sources */,
				5039E45E2EDED309002E032A /* FetchRequest_GoingBeyond.swift in Sources */,
				508A59412EDC325800C0D3C7 /* FetchRequest_RandomSorting.swift in Sources */,
				50E3BB082ED77477007A6952 /* FirstExampleContainer.swift in Sources */,
				509D8C642ECBA59500EE3457 /* CoreDataDeepDiveApp.swift in Sources */,
				50A97DB62EFBF0D2006F37EB /* DataModels_Optional.swift in Sources */,
				5039E4602EDED58F002E032A /* FetchRequest_MOC_Count.swift in Sources */,
				50E3BB0F2ED775B8007A6952 /* FirstExampleView.swift in Sources */,
			);
			runOnlyForDeploymentPostprocessing = 0;
		};
/* End PBXSourcesBuildPhase section */

/* Begin XCBuildConfiguration section */
		509D8C6C2ECBA59600EE3457 /* Debug */ = {
			isa = XCBuildConfiguration;
			buildSettings = {
				ALWAYS_SEARCH_USER_PATHS = NO;
				ASSETCATALOG_COMPILER_GENERATE_SWIFT_ASSET_SYMBOL_EXTENSIONS = YES;
				CLANG_ANALYZER_NONNULL = YES;
				CLANG_ANALYZER_NUMBER_OBJECT_CONVERSION = YES_AGGRESSIVE;
				CLANG_CXX_LANGUAGE_STANDARD = "gnu++20";
				CLANG_ENABLE_MODULES = YES;
				CLANG_ENABLE_OBJC_ARC = YES;
				CLANG_ENABLE_OBJC_WEAK = YES;
				CLANG_WARN_BLOCK_CAPTURE_AUTORELEASING = YES;
				CLANG_WARN_BOOL_CONVERSION = YES;
				CLANG_WARN_COMMA = YES;
				CLANG_WARN_CONSTANT_CONVERSION = YES;
				CLANG_WARN_DEPRECATED_OBJC_IMPLEMENTATIONS = YES;
				CLANG_WARN_DIRECT_OBJC_ISA_USAGE = YES_ERROR;
				CLANG_WARN_DOCUMENTATION_COMMENTS = YES;
				CLANG_WARN_EMPTY_BODY = YES;
				CLANG_WARN_ENUM_CONVERSION = YES;
				CLANG_WARN_INFINITE_RECURSION = YES;
				CLANG_WARN_INT_CONVERSION = YES;
				CLANG_WARN_NON_LITERAL_NULL_CONVERSION = YES;
				CLANG_WARN_OBJC_IMPLICIT_RETAIN_SELF = YES;
				CLANG_WARN_OBJC_LITERAL_CONVERSION = YES;
				CLANG_WARN_OBJC_ROOT_CLASS = YES_ERROR;
				CLANG_WARN_QUOTED_INCLUDE_IN_FRAMEWORK_HEADER = YES;
				CLANG_WARN_RANGE_LOOP_ANALYSIS = YES;
				CLANG_WARN_STRICT_PROTOTYPES = YES;
				CLANG_WARN_SUSPICIOUS_MOVE = YES;
				CLANG_WARN_UNGUARDED_AVAILABILITY = YES_AGGRESSIVE;
				CLANG_WARN_UNREACHABLE_CODE = YES;
				CLANG_WARN__DUPLICATE_METHOD_MATCH = YES;
				COPY_PHASE_STRIP = NO;
				DEBUG_INFORMATION_FORMAT = dwarf;
				ENABLE_STRICT_OBJC_MSGSEND = YES;
				ENABLE_TESTABILITY = YES;
				ENABLE_USER_SCRIPT_SANDBOXING = YES;
				GCC_C_LANGUAGE_STANDARD = gnu17;
				GCC_DYNAMIC_NO_PIC = NO;
				GCC_NO_COMMON_BLOCKS = YES;
				GCC_OPTIMIZATION_LEVEL = 0;
				GCC_PREPROCESSOR_DEFINITIONS = (
					"DEBUG=1",
					"$(inherited)",
				);
				GCC_WARN_64_TO_32_BIT_CONVERSION = YES;
				GCC_WARN_ABOUT_RETURN_TYPE = YES_ERROR;
				GCC_WARN_UNDECLARED_SELECTOR = YES;
				GCC_WARN_UNINITIALIZED_AUTOS = YES_AGGRESSIVE;
				GCC_WARN_UNUSED_FUNCTION = YES;
				GCC_WARN_UNUSED_VARIABLE = YES;
				IPHONEOS_DEPLOYMENT_TARGET = 17.5;
				LOCALIZATION_PREFERS_STRING_CATALOGS = YES;
				MTL_ENABLE_DEBUG_INFO = INCLUDE_SOURCE;
				MTL_FAST_MATH = YES;
				ONLY_ACTIVE_ARCH = YES;
				SDKROOT = iphoneos;
				SWIFT_ACTIVE_COMPILATION_CONDITIONS = "DEBUG $(inherited)";
				SWIFT_OPTIMIZATION_LEVEL = "-Onone";
			};
			name = Debug;
		};
		509D8C6D2ECBA59600EE3457 /* Release */ = {
			isa = XCBuildConfiguration;
			buildSettings = {
				ALWAYS_SEARCH_USER_PATHS = NO;
				ASSETCATALOG_COMPILER_GENERATE_SWIFT_ASSET_SYMBOL_EXTENSIONS = YES;
				CLANG_ANALYZER_NONNULL = YES;
				CLANG_ANALYZER_NUMBER_OBJECT_CONVERSION = YES_AGGRESSIVE;
				CLANG_CXX_LANGUAGE_STANDARD = "gnu++20";
				CLANG_ENABLE_MODULES = YES;
				CLANG_ENABLE_OBJC_ARC = YES;
				CLANG_ENABLE_OBJC_WEAK = YES;
				CLANG_WARN_BLOCK_CAPTURE_AUTORELEASING = YES;
				CLANG_WARN_BOOL_CONVERSION = YES;
				CLANG_WARN_COMMA = YES;
				CLANG_WARN_CONSTANT_CONVERSION = YES;
				CLANG_WARN_DEPRECATED_OBJC_IMPLEMENTATIONS = YES;
				CLANG_WARN_DIRECT_OBJC_ISA_USAGE = YES_ERROR;
				CLANG_WARN_DOCUMENTATION_COMMENTS = YES;
				CLANG_WARN_EMPTY_BODY = YES;
				CLANG_WARN_ENUM_CONVERSION = YES;
				CLANG_WARN_INFINITE_RECURSION = YES;
				CLANG_WARN_INT_CONVERSION = YES;
				CLANG_WARN_NON_LITERAL_NULL_CONVERSION = YES;
				CLANG_WARN_OBJC_IMPLICIT_RETAIN_SELF = YES;
				CLANG_WARN_OBJC_LITERAL_CONVERSION = YES;
				CLANG_WARN_OBJC_ROOT_CLASS = YES_ERROR;
				CLANG_WARN_QUOTED_INCLUDE_IN_FRAMEWORK_HEADER = YES;
				CLANG_WARN_RANGE_LOOP_ANALYSIS = YES;
				CLANG_WARN_STRICT_PROTOTYPES = YES;
				CLANG_WARN_SUSPICIOUS_MOVE = YES;
				CLANG_WARN_UNGUARDED_AVAILABILITY = YES_AGGRESSIVE;
				CLANG_WARN_UNREACHABLE_CODE = YES;
				CLANG_WARN__DUPLICATE_METHOD_MATCH = YES;
				COPY_PHASE_STRIP = NO;
				DEBUG_INFORMATION_FORMAT = "dwarf-with-dsym";
				ENABLE_NS_ASSERTIONS = NO;
				ENABLE_STRICT_OBJC_MSGSEND = YES;
				ENABLE_USER_SCRIPT_SANDBOXING = YES;
				GCC_C_LANGUAGE_STANDARD = gnu17;
				GCC_NO_COMMON_BLOCKS = YES;
				GCC_WARN_64_TO_32_BIT_CONVERSION = YES;
				GCC_WARN_ABOUT_RETURN_TYPE = YES_ERROR;
				GCC_WARN_UNDECLARED_SELECTOR = YES;
				GCC_WARN_UNINITIALIZED_AUTOS = YES_AGGRESSIVE;
				GCC_WARN_UNUSED_FUNCTION = YES;
				GCC_WARN_UNUSED_VARIABLE = YES;
				IPHONEOS_DEPLOYMENT_TARGET = 17.5;
				LOCALIZATION_PREFERS_STRING_CATALOGS = YES;
				MTL_ENABLE_DEBUG_INFO = NO;
				MTL_FAST_MATH = YES;
				SDKROOT = iphoneos;
				SWIFT_COMPILATION_MODE = wholemodule;
				VALIDATE_PRODUCT = YES;
			};
			name = Release;
		};
		509D8C6F2ECBA59600EE3457 /* Debug */ = {
			isa = XCBuildConfiguration;
			buildSettings = {
				ASSETCATALOG_COMPILER_APPICON_NAME = AppIcon;
				ASSETCATALOG_COMPILER_GLOBAL_ACCENT_COLOR_NAME = AccentColor;
				CODE_SIGN_STYLE = Automatic;
				CURRENT_PROJECT_VERSION = 1;
				DEVELOPMENT_ASSET_PATHS = "\"CoreDataDeepDive/Preview Content\"";
				DEVELOPMENT_TEAM = 67WTGHWAS3;
				ENABLE_PREVIEWS = YES;
				GENERATE_INFOPLIST_FILE = YES;
				INFOPLIST_KEY_UIApplicationSceneManifest_Generation = YES;
				INFOPLIST_KEY_UIApplicationSupportsIndirectInputEvents = YES;
				INFOPLIST_KEY_UILaunchScreen_Generation = YES;
				INFOPLIST_KEY_UISupportedInterfaceOrientations_iPad = "UIInterfaceOrientationPortrait UIInterfaceOrientationPortraitUpsideDown UIInterfaceOrientationLandscapeLeft UIInterfaceOrientationLandscapeRight";
				INFOPLIST_KEY_UISupportedInterfaceOrientations_iPhone = "UIInterfaceOrientationPortrait UIInterfaceOrientationLandscapeLeft UIInterfaceOrientationLandscapeRight";
				LD_RUNPATH_SEARCH_PATHS = (
					"$(inherited)",
					"@executable_path/Frameworks",
				);
				MARKETING_VERSION = 1.0;
				PRODUCT_BUNDLE_IDENTIFIER = com.abdullah.CoreDataDeepDive;
				PRODUCT_NAME = "$(TARGET_NAME)";
				SWIFT_EMIT_LOC_STRINGS = YES;
				SWIFT_VERSION = 5.0;
				TARGETED_DEVICE_FAMILY = "1,2";
			};
			name = Debug;
		};
		509D8C702ECBA59600EE3457 /* Release */ = {
			isa = XCBuildConfiguration;
			buildSettings = {
				ASSETCATALOG_COMPILER_APPICON_NAME = AppIcon;
				ASSETCATALOG_COMPILER_GLOBAL_ACCENT_COLOR_NAME = AccentColor;
				CODE_SIGN_STYLE = Automatic;
				CURRENT_PROJECT_VERSION = 1;
				DEVELOPMENT_ASSET_PATHS = "\"CoreDataDeepDive/Preview Content\"";
				DEVELOPMENT_TEAM = 67WTGHWAS3;
				ENABLE_PREVIEWS = YES;
				GENERATE_INFOPLIST_FILE = YES;
				INFOPLIST_KEY_UIApplicationSceneManifest_Generation = YES;
				INFOPLIST_KEY_UIApplicationSupportsIndirectInputEvents = YES;
				INFOPLIST_KEY_UILaunchScreen_Generation = YES;
				INFOPLIST_KEY_UISupportedInterfaceOrientations_iPad = "UIInterfaceOrientationPortrait UIInterfaceOrientationPortraitUpsideDown UIInterfaceOrientationLandscapeLeft UIInterfaceOrientationLandscapeRight";
				INFOPLIST_KEY_UISupportedInterfaceOrientations_iPhone = "UIInterfaceOrientationPortrait UIInterfaceOrientationLandscapeLeft UIInterfaceOrientationLandscapeRight";
				LD_RUNPATH_SEARCH_PATHS = (
					"$(inherited)",
					"@executable_path/Frameworks",
				);
				MARKETING_VERSION = 1.0;
				PRODUCT_BUNDLE_IDENTIFIER = com.abdullah.CoreDataDeepDive;
				PRODUCT_NAME = "$(TARGET_NAME)";
				SWIFT_EMIT_LOC_STRINGS = YES;
				SWIFT_VERSION = 5.0;
				TARGETED_DEVICE_FAMILY = "1,2";
			};
			name = Release;
		};
/* End XCBuildConfiguration section */

/* Begin XCConfigurationList section */
		509D8C5B2ECBA59500EE3457 /* Build configuration list for PBXProject "CoreDataDeepDive" */ = {
			isa = XCConfigurationList;
			buildConfigurations = (
				509D8C6C2ECBA59600EE3457 /* Debug */,
				509D8C6D2ECBA59600EE3457 /* Release */,
			);
			defaultConfigurationIsVisible = 0;
			defaultConfigurationName = Release;
		};
		509D8C6E2ECBA59600EE3457 /* Build configuration list for PBXNativeTarget "CoreDataDeepDive" */ = {
			isa = XCConfigurationList;
			buildConfigurations = (
				509D8C6F2ECBA59600EE3457 /* Debug */,
				509D8C702ECBA59600EE3457 /* Release */,
			);
			defaultConfigurationIsVisible = 0;
			defaultConfigurationName = Release;
		};
/* End XCConfigurationList section */

/* Begin XCVersionGroup section */
		500A7C1B2EE2005900B3C86B /* TasksDataModel.xcdatamodeld */ = {
			isa = XCVersionGroup;
			children = (
				500A7C1C2EE2005900B3C86B /* TasksDataModel.xcdatamodel */,
			);
			currentVersion = 500A7C1C2EE2005900B3C86B /* TasksDataModel.xcdatamodel */;
			name = TasksDataModel.xcdatamodeld;
			path = /Users/abdullahansari/Downloads/CoreDataDeepDive/CoreDataDeepDive/CoreDataDeepDive/Tasks/TasksDataModel.xcdatamodeld;
			sourceTree = "<group>";
			versionGroupType = wrapper.xcdatamodel;
		};
		504072F02EDB7C30002AA9B9 /* FriendsDataModel.xcdatamodeld */ = {
			isa = XCVersionGroup;
			children = (
				504072F12EDB7C30002AA9B9 /* FriendsDataModel.xcdatamodel */,
			);
			currentVersion = 504072F12EDB7C30002AA9B9 /* FriendsDataModel.xcdatamodel */;
			path = FriendsDataModel.xcdatamodeld;
			sourceTree = "<group>";
			versionGroupType = wrapper.xcdatamodel;
		};
		504072FA2EDB8A23002AA9B9 /* BooksDataModel.xcdatamodeld */ = {
			isa = XCVersionGroup;
			children = (
				504072FB2EDB8A23002AA9B9 /* BooksDataModel.xcdatamodel */,
			);
			currentVersion = 504072FB2EDB8A23002AA9B9 /* BooksDataModel.xcdatamodel */;
			name = BooksDataModel.xcdatamodeld;
			path = /Users/abdullahansari/Downloads/CoreDataDeepDive/CoreDataDeepDive/CoreDataDeepDive/DisplayingData/BooksDataModel.xcdatamodeld;
			sourceTree = "<group>";
			versionGroupType = wrapper.xcdatamodel;
		};
		508A59392EDC2F9C00C0D3C7 /* ParksDataModel.xcdatamodeld */ = {
			isa = XCVersionGroup;
			children = (
				508A593A2EDC2F9C00C0D3C7 /* ParksDataModel.xcdatamodel */,
			);
			currentVersion = 508A593A2EDC2F9C00C0D3C7 /* ParksDataModel.xcdatamodel */;
			name = ParksDataModel.xcdatamodeld;
			path = /Users/abdullahansari/Downloads/CoreDataDeepDive/CoreDataDeepDive/CoreDataDeepDive/Parks/ParksDataModel.xcdatamodeld;
			sourceTree = "<group>";
			versionGroupType = wrapper.xcdatamodel;
		};
		50A97D972EFBC6DE006F37EB /* CountriesDataModel.xcdatamodeld */ = {
			isa = XCVersionGroup;
			children = (
				50A97D982EFBC6DE006F37EB /* CountriesDataModel.xcdatamodel */,
			);
			currentVersion = 50A97D982EFBC6DE006F37EB /* CountriesDataModel.xcdatamodel */;
			name = CountriesDataModel.xcdatamodeld;
			path = /Users/abdullahansari/Downloads/CoreDataDeepDive/CoreDataDeepDive/CoreDataDeepDive/Countries/CountriesDataModel.xcdatamodeld;
			sourceTree = "<group>";
			versionGroupType = wrapper.xcdatamodel;
		};
		50A97DAE2EFBEF4E006F37EB /* AnimalsDataModel.xcdatamodeld */ = {
			isa = XCVersionGroup;
			children = (
				50A97DAF2EFBEF4E006F37EB /* AnimalsDataModel.xcdatamodel */,
			);
			currentVersion = 50A97DAF2EFBEF4E006F37EB /* AnimalsDataModel.xcdatamodel */;
			name = AnimalsDataModel.xcdatamodeld;
			path = /Users/abdullahansari/Downloads/CoreDataDeepDive/CoreDataDeepDive/CoreDataDeepDive/Animals/AnimalsDataModel.xcdatamodeld;
			sourceTree = "<group>";
			versionGroupType = wrapper.xcdatamodel;
		};
		50E3BB0A2ED774E9007A6952 /* FirstExampleDataModel.xcdatamodeld */ = {
			isa = XCVersionGroup;
			children = (
				50E3BB0B2ED774E9007A6952 /* FirstExampleContainer.xcdatamodel */,
			);
			currentVersion = 50E3BB0B2ED774E9007A6952 /* FirstExampleContainer.xcdatamodel */;
			path = FirstExampleDataModel.xcdatamodeld;
			sourceTree = "<group>";
			versionGroupType = wrapper.xcdatamodel;
		};
/* End XCVersionGroup section */
	};
	rootObject = 509D8C582ECBA59500EE3457 /* Project object */;
}
